
Microsoft Visual Studio Solution File, Format Version 12.00
# Visual Studio 15
VisualStudioVersion = 15.0.26430.14
MinimumVisualStudioVersion = 10.0.40219.1
Project("{FAE04EC0-301F-11D3-BF4B-00C04F79EFBC}") = "SParseMatrix", "SParseMatrix\SParseMatrix.csproj", "{C856C57C-DFDC-4DC6-A42E-7B8A222F5909}"
EndProject
Project("{FAE04EC0-301F-11D3-BF4B-00C04F79EFBC}") = "ConsoleApp1", "ConsoleApp1\ConsoleApp1.csproj", "{2439AC88-0173-46B4-91E7-8784FEAE4145}"
EndProject
Project("{FAE04EC0-301F-11D3-BF4B-00C04F79EFBC}") = "SParseBench", "SParseBench\SParseBench.csproj", "{721E166E-41AE-47CE-87EC-F987DE55C53C}"
EndProject
Global
	GlobalSection(SolutionConfigurationPlatforms) = preSolution
		Debug|Any CPU = Debug|Any CPU
		Release|Any CPU = Release|Any CPU
	EndGlobalSection
	GlobalSection(ProjectConfigurationPlatforms) = postSolution
		{C856C57C-DFDC-4DC6-A42E-7B8A222F5909}.Debug|Any CPU.ActiveCfg = Debug|Any CPU
		{C856C57C-DFDC-4DC6-A42E-7B8A222F5909}.Debug|Any CPU.Build.0 = Debug|Any CPU
		{C856C57C-DFDC-4DC6-A42E-7B8A222F5909}.Release|Any CPU.ActiveCfg = Release|Any CPU
		{C856C57C-DFDC-4DC6-A42E-7B8A222F5909}.Release|Any CPU.Build.0 = Release|Any CPU
		{2439AC88-0173-46B4-91E7-8784FEAE4145}.Debug|Any CPU.ActiveCfg = Debug|Any CPU
		{2439AC88-0173-46B4-91E7-8784FEAE4145}.Debug|Any CPU.Build.0 = Debug|Any CPU
		{2439AC88-0173-46B4-91E7-8784FEAE4145}.Release|Any CPU.ActiveCfg = Release|Any CPU
		{2439AC88-0173-46B4-91E7-8784FEAE4145}.Release|Any CPU.Build.0 = Release|Any CPU
		{721E166E-41AE-47CE-87EC-F987DE55C53C}.Debug|Any CPU.ActiveCfg = Release|Any CPU
		{721E166E-41AE-47CE-87EC-F987DE55C53C}.Debug|Any CPU.Build.0 = Release|Any CPU
		{721E166E-41AE-47CE-87EC-F987DE55C53C}.Debug|Any CPU.Deploy.0 = Release|Any CPU
		{721E166E-41AE-47CE-87EC-F987DE55C53C}.Release|Any CPU.ActiveCfg = Release|Any CPU
		{721E166E-41AE-47CE-87EC-F987DE55C53C}.Release|Any CPU.Build.0 = Release|Any CPU
		{721E166E-41AE-47CE-87EC-F987DE55C53C}.Release|Any CPU.Deploy.0 = Release|Any CPU
	EndGlobalSection
	GlobalSection(SolutionProperties) = preSolution
		HideSolutionNode = FALSE
	EndGlobalSection
EndGlobal
